
Microsoft Visual Studio Solution File, Format Version 12.00
# Visual Studio Version 16
VisualStudioVersion = 16.0.29613.14
MinimumVisualStudioVersion = 10.0.40219.1
Project("{2150E333-8FDC-42A3-9474-1A3956D46DE8}") = "01 - Teste De Unidade", "01 - Teste De Unidade", "{0665AA94-18A0-4E1C-82EE-29686855BE9E}"
EndProject
Project("{2150E333-8FDC-42A3-9474-1A3956D46DE8}") = "1.1 - Testes Basicos", "1.1 - Testes Basicos", "{3777828F-D64B-47F0-9C66-A67ADC387C5F}"
EndProject
Project("{FAE04EC0-301F-11D3-BF4B-00C04F79EFBC}") = "Demo", "Demo\Demo.csproj", "{CF31DC71-12F2-406A-8DA7-2C454C996818}"
EndProject
Project("{FAE04EC0-301F-11D3-BF4B-00C04F79EFBC}") = "Demo.Tests", "Demo.Tests\Demo.Tests.csproj", "{C34DF3DF-26E3-43D5-86CD-237D45215296}"
EndProject
Global
	GlobalSection(SolutionConfigurationPlatforms) = preSolution
		Debug|Any CPU = Debug|Any CPU
		Release|Any CPU = Release|Any CPU
	EndGlobalSection
	GlobalSection(ProjectConfigurationPlatforms) = postSolution
		{CF31DC71-12F2-406A-8DA7-2C454C996818}.Debug|Any CPU.ActiveCfg = Debug|Any CPU
		{CF31DC71-12F2-406A-8DA7-2C454C996818}.Debug|Any CPU.Build.0 = Debug|Any CPU
		{CF31DC71-12F2-406A-8DA7-2C454C996818}.Release|Any CPU.ActiveCfg = Release|Any CPU
		{CF31DC71-12F2-406A-8DA7-2C454C996818}.Release|Any CPU.Build.0 = Release|Any CPU
		{C34DF3DF-26E3-43D5-86CD-237D45215296}.Debug|Any CPU.ActiveCfg = Debug|Any CPU
		{C34DF3DF-26E3-43D5-86CD-237D45215296}.Debug|Any CPU.Build.0 = Debug|Any CPU
		{C34DF3DF-26E3-43D5-86CD-237D45215296}.Release|Any CPU.ActiveCfg = Release|Any CPU
		{C34DF3DF-26E3-43D5-86CD-237D45215296}.Release|Any CPU.Build.0 = Release|Any CPU
	EndGlobalSection
	GlobalSection(SolutionProperties) = preSolution
		HideSolutionNode = FALSE
	EndGlobalSection
	GlobalSection(NestedProjects) = preSolution
		{3777828F-D64B-47F0-9C66-A67ADC387C5F} = {0665AA94-18A0-4E1C-82EE-29686855BE9E}
		{CF31DC71-12F2-406A-8DA7-2C454C996818} = {3777828F-D64B-47F0-9C66-A67ADC387C5F}
		{C34DF3DF-26E3-43D5-86CD-237D45215296} = {3777828F-D64B-47F0-9C66-A67ADC387C5F}
	EndGlobalSection
	GlobalSection(ExtensibilityGlobals) = postSolution
		SolutionGuid = {B416DCDC-5F72-4464-A188-663F48351FFC}
	EndGlobalSection
EndGlobal
